// !$*UTF8*$!
{
	archiveVersion = 1;
	classes = {
	};
	objectVersion = 46;
	objects = {

/* Begin PBXBuildFile section */
		E5D46B441F15CAF400B5A656 /* main.m in Sources */ = {isa = PBXBuildFile; fileRef = E5D46B431F15CAF400B5A656 /* main.m */; };
		E5D46B471F15CAF400B5A656 /* AppDelegate.m in Sources */ = {isa = PBXBuildFile; fileRef = E5D46B461F15CAF400B5A656 /* AppDelegate.m */; };
		E5D46B4A1F15CAF400B5A656 /* ViewController.m in Sources */ = {isa = PBXBuildFile; fileRef = E5D46B491F15CAF400B5A656 /* ViewController.m */; };
		E5D46B4D1F15CAF400B5A656 /* Main.storyboard in Resources */ = {isa = PBXBuildFile; fileRef = E5D46B4B1F15CAF400B5A656 /* Main.storyboard */; };
		E5D46B4F1F15CAF400B5A656 /* Assets.xcassets in Resources */ = {isa = PBXBuildFile; fileRef = E5D46B4E1F15CAF400B5A656 /* Assets.xcassets */; };
		E5D46B521F15CAF400B5A656 /* LaunchScreen.storyboard in Resources */ = {isa = PBXBuildFile; fileRef = E5D46B501F15CAF400B5A656 /* LaunchScreen.storyboard */; };
		E5D46B5B1F15CF4A00B5A656 /* Image.m in Sources */ = {isa = PBXBuildFile; fileRef = E5D46B5A1F15CF4A00B5A656 /* Image.m */; };
/* End PBXBuildFile section */

/* Begin PBXFileReference section */
		E5D46B3F1F15CAF400B5A656 /* TableViewDemo.app */ = {isa = PBXFileReference; explicitFileType = wrapper.application; includeInIndex = 0; path = TableViewDemo.app; sourceTree = BUILT_PRODUCTS_DIR; };
		E5D46B431F15CAF400B5A656 /* main.m */ = {isa = PBXFileReference; lastKnownFileType = sourcecode.c.objc; path = main.m; sourceTree = "<group>"; };
		E5D46B451F15CAF400B5A656 /* AppDelegate.h */ = {isa = PBXFileReference; lastKnownFileType = sourcecode.c.h; path = AppDelegate.h; sourceTree = "<group>"; };
		E5D46B461F15CAF400B5A656 /* AppDelegate.m */ = {isa = PBXFileReference; lastKnownFileType = sourcecode.c.objc; path = AppDelegate.m; sourceTree = "<group>"; };
		E5D46B481F15CAF400B5A656 /* ViewController.h */ = {isa = PBXFileReference; lastKnownFileType = sourcecode.c.h; path = ViewController.h; sourceTree = "<group>"; };
		E5D46B491F15CAF400B5A656 /* ViewController.m */ = {isa = PBXFileReference; lastKnownFileType = sourcecode.c.objc; path = ViewController.m; sourceTree = "<group>"; };
		E5D46B4C1F15CAF400B5A656 /* Base */ = {isa = PBXFileReference; lastKnownFileType = file.storyboard; name = Base; path = Base.lproj/Main.storyboard; sourceTree = "<group>"; };
		E5D46B4E1F15CAF400B5A656 /* Assets.xcassets */ = {isa = PBXFileReference; lastKnownFileType = folder.assetcatalog; path = Assets.xcassets; sourceTree = "<group>"; };
		E5D46B511F15CAF400B5A656 /* Base */ = {isa = PBXFileReference; lastKnownFileType = file.storyboard; name = Base; path = Base.lproj/LaunchScreen.storyboard; sourceTree = "<group>"; };
		E5D46B531F15CAF400B5A656 /* Info.plist */ = {isa = PBXFileReference; lastKnownFileType = text.plist.xml; path = Info.plist; sourceTree = "<group>"; };
		E5D46B591F15CF4A00B5A656 /* Image.h */ = {isa = PBXFileReference; fileEncoding = 4; lastKnownFileType = sourcecode.c.h; path = Image.h; sourceTree = "<group>"; };
		E5D46B5A1F15CF4A00B5A656 /* Image.m */ = {isa = PBXFileReference; fileEncoding = 4; lastKnownFileType = sourcecode.c.objc; path = Image.m; sourceTree = "<group>"; };
/* End PBXFileReference section */

/* Begin PBXFrameworksBuildPhase section */
		E5D46B3C1F15CAF400B5A656 /* Frameworks */ = {
			isa = PBXFrameworksBuildPhase;
			buildActionMask = 2147483647;
			files = (
			);
			runOnlyForDeploymentPostprocessing = 0;
		};
/* End PBXFrameworksBuildPhase section */

/* Begin PBXGroup section */
		E5D46B361F15CAF400B5A656 = {
			isa = PBXGroup;
			children = (
				E5D46B411F15CAF400B5A656 /* TableViewDemo */,
				E5D46B401F15CAF400B5A656 /* Products */,
			);
			sourceTree = "<group>";
		};
		E5D46B401F15CAF400B5A656 /* Products */ = {
			isa = PBXGroup;
			children = (
				E5D46B3F1F15CAF400B5A656 /* TableViewDemo.app */,
			);
			name = Products;
			sourceTree = "<group>";
		};
		E5D46B411F15CAF400B5A656 /* TableViewDemo */ = {
			isa = PBXGroup;
			children = (
				E5D46B451F15CAF400B5A656 /* AppDelegate.h */,
				E5D46B461F15CAF400B5A656 /* AppDelegate.m */,
				E5D46B481F15CAF400B5A656 /* ViewController.h */,
				E5D46B491F15CAF400B5A656 /* ViewController.m */,
				E5D46B4B1F15CAF400B5A656 /* Main.storyboard */,
				E5D46B4E1F15CAF400B5A656 /* Assets.xcassets */,
				E5D46B501F15CAF400B5A656 /* LaunchScreen.storyboard */,
				E5D46B531F15CAF400B5A656 /* Info.plist */,
				E5D46B421F15CAF400B5A656 /* Supporting Files */,
				E5D46B591F15CF4A00B5A656 /* Image.h */,
				E5D46B5A1F15CF4A00B5A656 /* Image.m */,
			);
			path = TableViewDemo;
			sourceTree = "<group>";
		};
		E5D46B421F15CAF400B5A656 /* Supporting Files */ = {
			isa = PBXGroup;
			children = (
				E5D46B431F15CAF400B5A656 /* main.m */,
			);
			name = "Supporting Files";
			sourceTree = "<group>";
		};
/* End PBXGroup section */

/* Begin PBXNativeTarget section */
		E5D46B3E1F15CAF400B5A656 /* TableViewDemo */ = {
			isa = PBXNativeTarget;
			buildConfigurationList = E5D46B561F15CAF400B5A656 /* Build configuration list for PBXNativeTarget "TableViewDemo" */;
			buildPhases = (
				E5D46B3B1F15CAF400B5A656 /* Sources */,
				E5D46B3C1F15CAF400B5A656 /* Frameworks */,
				E5D46B3D1F15CAF400B5A656 /* Resources */,
			);
			buildRules = (
			);
			dependencies = (
			);
			name = TableViewDemo;
			productName = TableViewDemo;
			productReference = E5D46B3F1F15CAF400B5A656 /* TableViewDemo.app */;
			productType = "com.apple.product-type.application";
		};
/* End PBXNativeTarget section */

/* Begin PBXProject section */
		E5D46B371F15CAF400B5A656 /* Project object */ = {
			isa = PBXProject;
			attributes = {
				LastUpgradeCheck = 0830;
				ORGANIZATIONNAME = Axe;
				TargetAttributes = {
					E5D46B3E1F15CAF400B5A656 = {
						CreatedOnToolsVersion = 8.3.3;
						ProvisioningStyle = Automatic;
					};
				};
			};
			buildConfigurationList = E5D46B3A1F15CAF400B5A656 /* Build configuration list for PBXProject "TableViewDemo" */;
			compatibilityVersion = "Xcode 3.2";
			developmentRegion = English;
			hasScannedForEncodings = 0;
			knownRegions = (
				en,
				Base,
			);
			mainGroup = E5D46B361F15CAF400B5A656;
			productRefGroup = E5D46B401F15CAF400B5A656 /* Products */;
			projectDirPath = "";
			projectRoot = "";
			targets = (
				E5D46B3E1F15CAF400B5A656 /* TableViewDemo */,
			);
		};
/* End PBXProject section */

/* Begin PBXResourcesBuildPhase section */
		E5D46B3D1F15CAF400B5A656 /* Resources */ = {
			isa = PBXResourcesBuildPhase;
			buildActionMask = 2147483647;
			files = (
				E5D46B521F15CAF400B5A656 /* LaunchScreen.storyboard in Resources */,
				E5D46B4F1F15CAF400B5A656 /* Assets.xcassets in Resources */,
				E5D46B4D1F15CAF400B5A656 /* Main.storyboard in Resources */,
			);
			runOnlyForDeploymentPostprocessing = 0;
		};
/* End PBXResourcesBuildPhase section */

/* Begin PBXSourcesBuildPhase section */
		E5D46B3B1F15CAF400B5A656 /* Sources */ = {
			isa = PBXSourcesBuildPhase;
			buildActionMask = 2147483647;
			files = (
				E5D46B4A1F15CAF400B5A656 /* ViewController.m in Sources */,
				E5D46B5B1F15CF4A00B5A656 /* Image.m in Sources */,
				E5D46B471F15CAF400B5A656 /* AppDelegate.m in Sources */,
				E5D46B441F15CAF400B5A656 /* main.m in Sources */,
			);
			runOnlyForDeploymentPostprocessing = 0;
		};
/* End PBXSourcesBuildPhase section */

/* Begin PBXVariantGroup section */
		E5D46B4B1F15CAF400B5A656 /* Main.storyboard */ = {
			isa = PBXVariantGroup;
			children = (
				E5D46B4C1F15CAF400B5A656 /* Base */,
			);
			name = Main.storyboard;
			sourceTree = "<group>";
		};
		E5D46B501F15CAF400B5A656 /* LaunchScreen.storyboard */ = {
			isa = PBXVariantGroup;
			children = (
				E5D46B511F15CAF400B5A656 /* Base */,
			);
			name = LaunchScreen.storyboard;
			sourceTree = "<group>";
		};
/* End PBXVariantGroup section */

/* Begin XCBuildConfiguration section */
		E5D46B541F15CAF400B5A656 /* Debug */ = {
			isa = XCBuildConfiguration;
			buildSettings = {
				ALWAYS_SEARCH_USER_PATHS = NO;
				CLANG_ANALYZER_NONNULL = YES;
				CLANG_ANALYZER_NUMBER_OBJECT_CONVERSION = YES_AGGRESSIVE;
				CLANG_CXX_LANGUAGE_STANDARD = "gnu++0x";
				CLANG_CXX_LIBRARY = "libc++";
				CLANG_ENABLE_MODULES = YES;
				CLANG_ENABLE_OBJC_ARC = YES;
				CLANG_WARN_BOOL_CONVERSION = YES;
				CLANG_WARN_CONSTANT_CONVERSION = YES;
				CLANG_WARN_DIRECT_OBJC_ISA_USAGE = YES_ERROR;
				CLANG_WARN_DOCUMENTATION_COMMENTS = YES;
				CLANG_WARN_EMPTY_BODY = YES;
				CLANG_WARN_ENUM_CONVERSION = YES;
				CLANG_WARN_INFINITE_RECURSION = YES;
				CLANG_WARN_INT_CONVERSION = YES;
				CLANG_WARN_OBJC_ROOT_CLASS = YES_ERROR;
				CLANG_WARN_SUSPICIOUS_MOVE = YES;
				CLANG_WARN_UNREACHABLE_CODE = YES;
				CLANG_WARN__DUPLICATE_METHOD_MATCH = YES;
				"CODE_SIGN_IDENTITY[sdk=iphoneos*]" = "iPhone Developer";
				COPY_PHASE_STRIP = NO;
				DEBUG_INFORMATION_FORMAT = dwarf;
				ENABLE_STRICT_OBJC_MSGSEND = YES;
				ENABLE_TESTABILITY = YES;
				GCC_C_LANGUAGE_STANDARD = gnu99;
				GCC_DYNAMIC_NO_PIC = NO;
				GCC_NO_COMMON_BLOCKS = YES;
				GCC_OPTIMIZATION_LEVEL = 0;
				GCC_PREPROCESSOR_DEFINITIONS = (
					"DEBUG=1",
					"$(inherited)",
				);
				GCC_WARN_64_TO_32_BIT_CONVERSION = YES;
				GCC_WARN_ABOUT_RETURN_TYPE = YES_ERROR;
				GCC_WARN_UNDECLARED_SELECTOR = YES;
				GCC_WARN_UNINITIALIZED_AUTOS = YES_AGGRESSIVE;
				GCC_WARN_UNUSED_FUNCTION = YES;
				GCC_WARN_UNUSED_VARIABLE = YES;
				IPHONEOS_DEPLOYMENT_TARGET = 10.3;
				MTL_ENABLE_DEBUG_INFO = YES;
				ONLY_ACTIVE_ARCH = YES;
				SDKROOT = iphoneos;
				TARGETED_DEVICE_FAMILY = "1,2";
			};
			name = Debug;
		};
		E5D46B551F15CAF400B5A656 /* Release */ = {
			isa = XCBuildConfiguration;
			buildSettings = {
				ALWAYS_SEARCH_USER_PATHS = NO;
				CLANG_ANALYZER_NONNULL = YES;
				CLANG_ANALYZER_NUMBER_OBJECT_CONVERSION = YES_AGGRESSIVE;
				CLANG_CXX_LANGUAGE_STANDARD = "gnu++0x";
				CLANG_CXX_LIBRARY = "libc++";
				CLANG_ENABLE_MODULES = YES;
				CLANG_ENABLE_OBJC_ARC = YES;
				CLANG_WARN_BOOL_CONVERSION = YES;
				CLANG_WARN_CONSTANT_CONVERSION = YES;
				CLANG_WARN_DIRECT_OBJC_ISA_USAGE = YES_ERROR;
				CLANG_WARN_DOCUMENTATION_COMMENTS = YES;
				CLANG_WARN_EMPTY_BODY = YES;
				CLANG_WARN_ENUM_CONVERSION = YES;
				CLANG_WARN_INFINITE_RECURSION = YES;
				CLANG_WARN_INT_CONVERSION = YES;
				CLANG_WARN_OBJC_ROOT_CLASS = YES_ERROR;
				CLANG_WARN_SUSPICIOUS_MOVE = YES;
				CLANG_WARN_UNREACHABLE_CODE = YES;
				CLANG_WARN__DUPLICATE_METHOD_MATCH = YES;
				"CODE_SIGN_IDENTITY[sdk=iphoneos*]" = "iPhone Developer";
				COPY_PHASE_STRIP = NO;
				DEBUG_INFORMATION_FORMAT = "dwarf-with-dsym";
				ENABLE_NS_ASSERTIONS = NO;
				ENABLE_STRICT_OBJC_MSGSEND = YES;
				GCC_C_LANGUAGE_STANDARD = gnu99;
				GCC_NO_COMMON_BLOCKS = YES;
				GCC_WARN_64_TO_32_BIT_CONVERSION = YES;
				GCC_WARN_ABOUT_RETURN_TYPE = YES_ERROR;
				GCC_WARN_UNDECLARED_SELECTOR = YES;
				GCC_WARN_UNINITIALIZED_AUTOS = YES_AGGRESSIVE;
				GCC_WARN_UNUSED_FUNCTION = YES;
				GCC_WARN_UNUSED_VARIABLE = YES;
				IPHONEOS_DEPLOYMENT_TARGET = 10.3;
				MTL_ENABLE_DEBUG_INFO = NO;
				SDKROOT = iphoneos;
				TARGETED_DEVICE_FAMILY = "1,2";
				VALIDATE_PRODUCT = YES;
			};
			name = Release;
		};
		E5D46B571F15CAF400B5A656 /* Debug */ = {
			isa = XCBuildConfiguration;
			buildSettings = {
				ASSETCATALOG_COMPILER_APPICON_NAME = AppIcon;
				INFOPLIST_FILE = TableViewDemo/Info.plist;
				LD_RUNPATH_SEARCH_PATHS = "$(inherited) @executable_path/Frameworks";
				PRODUCT_BUNDLE_IDENTIFIER = com.axe.TableViewDemo;
				PRODUCT_NAME = "$(TARGET_NAME)";
			};
			name = Debug;
		};
		E5D46B581F15CAF400B5A656 /* Release */ = {
			isa = XCBuildConfiguration;
			buildSettings = {
				ASSETCATALOG_COMPILER_APPICON_NAME = AppIcon;
				INFOPLIST_FILE = TableViewDemo/Info.plist;
				LD_RUNPATH_SEARCH_PATHS = "$(inherited) @executable_path/Frameworks";
				PRODUCT_BUNDLE_IDENTIFIER = com.axe.TableViewDemo;
				PRODUCT_NAME = "$(TARGET_NAME)";
			};
			name = Release;
		};
/* End XCBuildConfiguration section */

/* Begin XCConfigurationList section */
		E5D46B3A1F15CAF400B5A656 /* Build configuration list for PBXProject "TableViewDemo" */ = {
			isa = XCConfigurationList;
			buildConfigurations = (
				E5D46B541F15CAF400B5A656 /* Debug */,
				E5D46B551F15CAF400B5A656 /* Release */,
			);
			defaultConfigurationIsVisible = 0;
			defaultConfigurationName = Release;
		};
		E5D46B561F15CAF400B5A656 /* Build configuration list for PBXNativeTarget "TableViewDemo" */ = {
			isa = XCConfigurationList;
			buildConfigurations = (
				E5D46B571F15CAF400B5A656 /* Debug */,
				E5D46B581F15CAF400B5A656 /* Release */,
			);
			defaultConfigurationIsVisible = 0;
		};
/* End XCConfigurationList section */
	};
	rootObject = E5D46B371F15CAF400B5A656 /* Project object */;
}
