// !$*UTF8*$!
{
	archiveVersion = 1;
	classes = {
	};
	objectVersion = 46;
	objects = {

/* Begin PBXBuildFile section */
		E568C5351F1DA17100271B10 /* main.m in Sources */ = {isa = PBXBuildFile; fileRef = E568C5341F1DA17100271B10 /* main.m */; };
		E568C5381F1DA17100271B10 /* AppDelegate.m in Sources */ = {isa = PBXBuildFile; fileRef = E568C5371F1DA17100271B10 /* AppDelegate.m */; };
		E568C53B1F1DA17100271B10 /* ViewController.m in Sources */ = {isa = PBXBuildFile; fileRef = E568C53A1F1DA17100271B10 /* ViewController.m */; };
		E568C53E1F1DA17100271B10 /* Main.storyboard in Resources */ = {isa = PBXBuildFile; fileRef = E568C53C1F1DA17100271B10 /* Main.storyboard */; };
		E568C5401F1DA17100271B10 /* Assets.xcassets in Resources */ = {isa = PBXBuildFile; fileRef = E568C53F1F1DA17100271B10 /* Assets.xcassets */; };
		E568C5431F1DA17100271B10 /* LaunchScreen.storyboard in Resources */ = {isa = PBXBuildFile; fileRef = E568C5411F1DA17100271B10 /* LaunchScreen.storyboard */; };
		E568C5501F1DA63500271B10 /* CollectionViewController.m in Sources */ = {isa = PBXBuildFile; fileRef = E568C54B1F1DA63500271B10 /* CollectionViewController.m */; };
		E568C5511F1DA63500271B10 /* ContentViewController.m in Sources */ = {isa = PBXBuildFile; fileRef = E568C54D1F1DA63500271B10 /* ContentViewController.m */; };
		E568C5521F1DA63500271B10 /* ControlsViewController.m in Sources */ = {isa = PBXBuildFile; fileRef = E568C54F1F1DA63500271B10 /* ControlsViewController.m */; };
		E568C5641F1DB71C00271B10 /* TableViewController.m in Sources */ = {isa = PBXBuildFile; fileRef = E568C5631F1DB71C00271B10 /* TableViewController.m */; };
		E568C5671F1DB7B400271B10 /* Image.m in Sources */ = {isa = PBXBuildFile; fileRef = E568C5661F1DB7B400271B10 /* Image.m */; };
/* End PBXBuildFile section */

/* Begin PBXFileReference section */
		E568C5301F1DA17100271B10 /* PageViewControllerDemo.app */ = {isa = PBXFileReference; explicitFileType = wrapper.application; includeInIndex = 0; path = PageViewControllerDemo.app; sourceTree = BUILT_PRODUCTS_DIR; };
		E568C5341F1DA17100271B10 /* main.m */ = {isa = PBXFileReference; lastKnownFileType = sourcecode.c.objc; path = main.m; sourceTree = "<group>"; };
		E568C5361F1DA17100271B10 /* AppDelegate.h */ = {isa = PBXFileReference; lastKnownFileType = sourcecode.c.h; path = AppDelegate.h; sourceTree = "<group>"; };
		E568C5371F1DA17100271B10 /* AppDelegate.m */ = {isa = PBXFileReference; lastKnownFileType = sourcecode.c.objc; path = AppDelegate.m; sourceTree = "<group>"; };
		E568C5391F1DA17100271B10 /* ViewController.h */ = {isa = PBXFileReference; lastKnownFileType = sourcecode.c.h; path = ViewController.h; sourceTree = "<group>"; };
		E568C53A1F1DA17100271B10 /* ViewController.m */ = {isa = PBXFileReference; lastKnownFileType = sourcecode.c.objc; path = ViewController.m; sourceTree = "<group>"; };
		E568C53D1F1DA17100271B10 /* Base */ = {isa = PBXFileReference; lastKnownFileType = file.storyboard; name = Base; path = Base.lproj/Main.storyboard; sourceTree = "<group>"; };
		E568C53F1F1DA17100271B10 /* Assets.xcassets */ = {isa = PBXFileReference; lastKnownFileType = folder.assetcatalog; path = Assets.xcassets; sourceTree = "<group>"; };
		E568C5421F1DA17100271B10 /* Base */ = {isa = PBXFileReference; lastKnownFileType = file.storyboard; name = Base; path = Base.lproj/LaunchScreen.storyboard; sourceTree = "<group>"; };
		E568C5441F1DA17100271B10 /* Info.plist */ = {isa = PBXFileReference; lastKnownFileType = text.plist.xml; path = Info.plist; sourceTree = "<group>"; };
		E568C54A1F1DA63500271B10 /* CollectionViewController.h */ = {isa = PBXFileReference; fileEncoding = 4; lastKnownFileType = sourcecode.c.h; path = CollectionViewController.h; sourceTree = "<group>"; };
		E568C54B1F1DA63500271B10 /* CollectionViewController.m */ = {isa = PBXFileReference; fileEncoding = 4; lastKnownFileType = sourcecode.c.objc; path = CollectionViewController.m; sourceTree = "<group>"; };
		E568C54C1F1DA63500271B10 /* ContentViewController.h */ = {isa = PBXFileReference; fileEncoding = 4; lastKnownFileType = sourcecode.c.h; path = ContentViewController.h; sourceTree = "<group>"; };
		E568C54D1F1DA63500271B10 /* ContentViewController.m */ = {isa = PBXFileReference; fileEncoding = 4; lastKnownFileType = sourcecode.c.objc; path = ContentViewController.m; sourceTree = "<group>"; };
		E568C54E1F1DA63500271B10 /* ControlsViewController.h */ = {isa = PBXFileReference; fileEncoding = 4; lastKnownFileType = sourcecode.c.h; path = ControlsViewController.h; sourceTree = "<group>"; };
		E568C54F1F1DA63500271B10 /* ControlsViewController.m */ = {isa = PBXFileReference; fileEncoding = 4; lastKnownFileType = sourcecode.c.objc; path = ControlsViewController.m; sourceTree = "<group>"; };
		E568C5621F1DB71C00271B10 /* TableViewController.h */ = {isa = PBXFileReference; fileEncoding = 4; lastKnownFileType = sourcecode.c.h; path = TableViewController.h; sourceTree = "<group>"; };
		E568C5631F1DB71C00271B10 /* TableViewController.m */ = {isa = PBXFileReference; fileEncoding = 4; lastKnownFileType = sourcecode.c.objc; path = TableViewController.m; sourceTree = "<group>"; };
		E568C5651F1DB7B400271B10 /* Image.h */ = {isa = PBXFileReference; fileEncoding = 4; lastKnownFileType = sourcecode.c.h; path = Image.h; sourceTree = "<group>"; };
		E568C5661F1DB7B400271B10 /* Image.m */ = {isa = PBXFileReference; fileEncoding = 4; lastKnownFileType = sourcecode.c.objc; path = Image.m; sourceTree = "<group>"; };
/* End PBXFileReference section */

/* Begin PBXFrameworksBuildPhase section */
		E568C52D1F1DA17100271B10 /* Frameworks */ = {
			isa = PBXFrameworksBuildPhase;
			buildActionMask = 2147483647;
			files = (
			);
			runOnlyForDeploymentPostprocessing = 0;
		};
/* End PBXFrameworksBuildPhase section */

/* Begin PBXGroup section */
		E568C5271F1DA17100271B10 = {
			isa = PBXGroup;
			children = (
				E568C5321F1DA17100271B10 /* PageViewControllerDemo */,
				E568C5311F1DA17100271B10 /* Products */,
			);
			sourceTree = "<group>";
		};
		E568C5311F1DA17100271B10 /* Products */ = {
			isa = PBXGroup;
			children = (
				E568C5301F1DA17100271B10 /* PageViewControllerDemo.app */,
			);
			name = Products;
			sourceTree = "<group>";
		};
		E568C5321F1DA17100271B10 /* PageViewControllerDemo */ = {
			isa = PBXGroup;
			children = (
				E568C5651F1DB7B400271B10 /* Image.h */,
				E568C5661F1DB7B400271B10 /* Image.m */,
				E568C5621F1DB71C00271B10 /* TableViewController.h */,
				E568C5631F1DB71C00271B10 /* TableViewController.m */,
				E568C54A1F1DA63500271B10 /* CollectionViewController.h */,
				E568C54B1F1DA63500271B10 /* CollectionViewController.m */,
				E568C54C1F1DA63500271B10 /* ContentViewController.h */,
				E568C54D1F1DA63500271B10 /* ContentViewController.m */,
				E568C54E1F1DA63500271B10 /* ControlsViewController.h */,
				E568C54F1F1DA63500271B10 /* ControlsViewController.m */,
				E568C5361F1DA17100271B10 /* AppDelegate.h */,
				E568C5371F1DA17100271B10 /* AppDelegate.m */,
				E568C5391F1DA17100271B10 /* ViewController.h */,
				E568C53A1F1DA17100271B10 /* ViewController.m */,
				E568C53C1F1DA17100271B10 /* Main.storyboard */,
				E568C53F1F1DA17100271B10 /* Assets.xcassets */,
				E568C5411F1DA17100271B10 /* LaunchScreen.storyboard */,
				E568C5441F1DA17100271B10 /* Info.plist */,
				E568C5331F1DA17100271B10 /* Supporting Files */,
			);
			path = PageViewControllerDemo;
			sourceTree = "<group>";
		};
		E568C5331F1DA17100271B10 /* Supporting Files */ = {
			isa = PBXGroup;
			children = (
				E568C5341F1DA17100271B10 /* main.m */,
			);
			name = "Supporting Files";
			sourceTree = "<group>";
		};
/* End PBXGroup section */

/* Begin PBXNativeTarget section */
		E568C52F1F1DA17100271B10 /* PageViewControllerDemo */ = {
			isa = PBXNativeTarget;
			buildConfigurationList = E568C5471F1DA17100271B10 /* Build configuration list for PBXNativeTarget "PageViewControllerDemo" */;
			buildPhases = (
				E568C52C1F1DA17100271B10 /* Sources */,
				E568C52D1F1DA17100271B10 /* Frameworks */,
				E568C52E1F1DA17100271B10 /* Resources */,
			);
			buildRules = (
			);
			dependencies = (
			);
			name = PageViewControllerDemo;
			productName = PageViewControllerDemo;
			productReference = E568C5301F1DA17100271B10 /* PageViewControllerDemo.app */;
			productType = "com.apple.product-type.application";
		};
/* End PBXNativeTarget section */

/* Begin PBXProject section */
		E568C5281F1DA17100271B10 /* Project object */ = {
			isa = PBXProject;
			attributes = {
				LastUpgradeCheck = 0830;
				ORGANIZATIONNAME = Axe;
				TargetAttributes = {
					E568C52F1F1DA17100271B10 = {
						CreatedOnToolsVersion = 8.3.3;
						DevelopmentTeam = Y4427S3SDN;
						ProvisioningStyle = Automatic;
					};
				};
			};
			buildConfigurationList = E568C52B1F1DA17100271B10 /* Build configuration list for PBXProject "PageViewControllerDemo" */;
			compatibilityVersion = "Xcode 3.2";
			developmentRegion = English;
			hasScannedForEncodings = 0;
			knownRegions = (
				en,
				Base,
			);
			mainGroup = E568C5271F1DA17100271B10;
			productRefGroup = E568C5311F1DA17100271B10 /* Products */;
			projectDirPath = "";
			projectRoot = "";
			targets = (
				E568C52F1F1DA17100271B10 /* PageViewControllerDemo */,
			);
		};
/* End PBXProject section */

/* Begin PBXResourcesBuildPhase section */
		E568C52E1F1DA17100271B10 /* Resources */ = {
			isa = PBXResourcesBuildPhase;
			buildActionMask = 2147483647;
			files = (
				E568C5431F1DA17100271B10 /* LaunchScreen.storyboard in Resources */,
				E568C5401F1DA17100271B10 /* Assets.xcassets in Resources */,
				E568C53E1F1DA17100271B10 /* Main.storyboard in Resources */,
			);
			runOnlyForDeploymentPostprocessing = 0;
		};
/* End PBXResourcesBuildPhase section */

/* Begin PBXSourcesBuildPhase section */
		E568C52C1F1DA17100271B10 /* Sources */ = {
			isa = PBXSourcesBuildPhase;
			buildActionMask = 2147483647;
			files = (
				E568C5501F1DA63500271B10 /* CollectionViewController.m in Sources */,
				E568C5511F1DA63500271B10 /* ContentViewController.m in Sources */,
				E568C5521F1DA63500271B10 /* ControlsViewController.m in Sources */,
				E568C53B1F1DA17100271B10 /* ViewController.m in Sources */,
				E568C5381F1DA17100271B10 /* AppDelegate.m in Sources */,
				E568C5671F1DB7B400271B10 /* Image.m in Sources */,
				E568C5641F1DB71C00271B10 /* TableViewController.m in Sources */,
				E568C5351F1DA17100271B10 /* main.m in Sources */,
			);
			runOnlyForDeploymentPostprocessing = 0;
		};
/* End PBXSourcesBuildPhase section */

/* Begin PBXVariantGroup section */
		E568C53C1F1DA17100271B10 /* Main.storyboard */ = {
			isa = PBXVariantGroup;
			children = (
				E568C53D1F1DA17100271B10 /* Base */,
			);
			name = Main.storyboard;
			sourceTree = "<group>";
		};
		E568C5411F1DA17100271B10 /* LaunchScreen.storyboard */ = {
			isa = PBXVariantGroup;
			children = (
				E568C5421F1DA17100271B10 /* Base */,
			);
			name = LaunchScreen.storyboard;
			sourceTree = "<group>";
		};
/* End PBXVariantGroup section */

/* Begin XCBuildConfiguration section */
		E568C5451F1DA17100271B10 /* Debug */ = {
			isa = XCBuildConfiguration;
			buildSettings = {
				ALWAYS_SEARCH_USER_PATHS = NO;
				CLANG_ANALYZER_NONNULL = YES;
				CLANG_ANALYZER_NUMBER_OBJECT_CONVERSION = YES_AGGRESSIVE;
				CLANG_CXX_LANGUAGE_STANDARD = "gnu++0x";
				CLANG_CXX_LIBRARY = "libc++";
				CLANG_ENABLE_MODULES = YES;
				CLANG_ENABLE_OBJC_ARC = YES;
				CLANG_WARN_BOOL_CONVERSION = YES;
				CLANG_WARN_CONSTANT_CONVERSION = YES;
				CLANG_WARN_DIRECT_OBJC_ISA_USAGE = YES_ERROR;
				CLANG_WARN_DOCUMENTATION_COMMENTS = YES;
				CLANG_WARN_EMPTY_BODY = YES;
				CLANG_WARN_ENUM_CONVERSION = YES;
				CLANG_WARN_INFINITE_RECURSION = YES;
				CLANG_WARN_INT_CONVERSION = YES;
				CLANG_WARN_OBJC_ROOT_CLASS = YES_ERROR;
				CLANG_WARN_SUSPICIOUS_MOVE = YES;
				CLANG_WARN_UNREACHABLE_CODE = YES;
				CLANG_WARN__DUPLICATE_METHOD_MATCH = YES;
				"CODE_SIGN_IDENTITY[sdk=iphoneos*]" = "iPhone Developer";
				COPY_PHASE_STRIP = NO;
				DEBUG_INFORMATION_FORMAT = dwarf;
				ENABLE_STRICT_OBJC_MSGSEND = YES;
				ENABLE_TESTABILITY = YES;
				GCC_C_LANGUAGE_STANDARD = gnu99;
				GCC_DYNAMIC_NO_PIC = NO;
				GCC_NO_COMMON_BLOCKS = YES;
				GCC_OPTIMIZATION_LEVEL = 0;
				GCC_PREPROCESSOR_DEFINITIONS = (
					"DEBUG=1",
					"$(inherited)",
				);
				GCC_WARN_64_TO_32_BIT_CONVERSION = YES;
				GCC_WARN_ABOUT_RETURN_TYPE = YES_ERROR;
				GCC_WARN_UNDECLARED_SELECTOR = YES;
				GCC_WARN_UNINITIALIZED_AUTOS = YES_AGGRESSIVE;
				GCC_WARN_UNUSED_FUNCTION = YES;
				GCC_WARN_UNUSED_VARIABLE = YES;
				IPHONEOS_DEPLOYMENT_TARGET = 10.3;
				MTL_ENABLE_DEBUG_INFO = YES;
				ONLY_ACTIVE_ARCH = YES;
				SDKROOT = iphoneos;
				TARGETED_DEVICE_FAMILY = "1,2";
			};
			name = Debug;
		};
		E568C5461F1DA17100271B10 /* Release */ = {
			isa = XCBuildConfiguration;
			buildSettings = {
				ALWAYS_SEARCH_USER_PATHS = NO;
				CLANG_ANALYZER_NONNULL = YES;
				CLANG_ANALYZER_NUMBER_OBJECT_CONVERSION = YES_AGGRESSIVE;
				CLANG_CXX_LANGUAGE_STANDARD = "gnu++0x";
				CLANG_CXX_LIBRARY = "libc++";
				CLANG_ENABLE_MODULES = YES;
				CLANG_ENABLE_OBJC_ARC = YES;
				CLANG_WARN_BOOL_CONVERSION = YES;
				CLANG_WARN_CONSTANT_CONVERSION = YES;
				CLANG_WARN_DIRECT_OBJC_ISA_USAGE = YES_ERROR;
				CLANG_WARN_DOCUMENTATION_COMMENTS = YES;
				CLANG_WARN_EMPTY_BODY = YES;
				CLANG_WARN_ENUM_CONVERSION = YES;
				CLANG_WARN_INFINITE_RECURSION = YES;
				CLANG_WARN_INT_CONVERSION = YES;
				CLANG_WARN_OBJC_ROOT_CLASS = YES_ERROR;
				CLANG_WARN_SUSPICIOUS_MOVE = YES;
				CLANG_WARN_UNREACHABLE_CODE = YES;
				CLANG_WARN__DUPLICATE_METHOD_MATCH = YES;
				"CODE_SIGN_IDENTITY[sdk=iphoneos*]" = "iPhone Developer";
				COPY_PHASE_STRIP = NO;
				DEBUG_INFORMATION_FORMAT = "dwarf-with-dsym";
				ENABLE_NS_ASSERTIONS = NO;
				ENABLE_STRICT_OBJC_MSGSEND = YES;
				GCC_C_LANGUAGE_STANDARD = gnu99;
				GCC_NO_COMMON_BLOCKS = YES;
				GCC_WARN_64_TO_32_BIT_CONVERSION = YES;
				GCC_WARN_ABOUT_RETURN_TYPE = YES_ERROR;
				GCC_WARN_UNDECLARED_SELECTOR = YES;
				GCC_WARN_UNINITIALIZED_AUTOS = YES_AGGRESSIVE;
				GCC_WARN_UNUSED_FUNCTION = YES;
				GCC_WARN_UNUSED_VARIABLE = YES;
				IPHONEOS_DEPLOYMENT_TARGET = 10.3;
				MTL_ENABLE_DEBUG_INFO = NO;
				SDKROOT = iphoneos;
				TARGETED_DEVICE_FAMILY = "1,2";
				VALIDATE_PRODUCT = YES;
			};
			name = Release;
		};
		E568C5481F1DA17100271B10 /* Debug */ = {
			isa = XCBuildConfiguration;
			buildSettings = {
				ASSETCATALOG_COMPILER_APPICON_NAME = AppIcon;
				DEVELOPMENT_TEAM = Y4427S3SDN;
				INFOPLIST_FILE = PageViewControllerDemo/Info.plist;
				IPHONEOS_DEPLOYMENT_TARGET = 9.1;
				LD_RUNPATH_SEARCH_PATHS = "$(inherited) @executable_path/Frameworks";
				PRODUCT_BUNDLE_IDENTIFIER = com.axe.PageViewControllerDemo;
				PRODUCT_NAME = "$(TARGET_NAME)";
			};
			name = Debug;
		};
		E568C5491F1DA17100271B10 /* Release */ = {
			isa = XCBuildConfiguration;
			buildSettings = {
				ASSETCATALOG_COMPILER_APPICON_NAME = AppIcon;
				DEVELOPMENT_TEAM = Y4427S3SDN;
				INFOPLIST_FILE = PageViewControllerDemo/Info.plist;
				IPHONEOS_DEPLOYMENT_TARGET = 9.1;
				LD_RUNPATH_SEARCH_PATHS = "$(inherited) @executable_path/Frameworks";
				PRODUCT_BUNDLE_IDENTIFIER = com.axe.PageViewControllerDemo;
				PRODUCT_NAME = "$(TARGET_NAME)";
			};
			name = Release;
		};
/* End XCBuildConfiguration section */

/* Begin XCConfigurationList section */
		E568C52B1F1DA17100271B10 /* Build configuration list for PBXProject "PageViewControllerDemo" */ = {
			isa = XCConfigurationList;
			buildConfigurations = (
				E568C5451F1DA17100271B10 /* Debug */,
				E568C5461F1DA17100271B10 /* Release */,
			);
			defaultConfigurationIsVisible = 0;
			defaultConfigurationName = Release;
		};
		E568C5471F1DA17100271B10 /* Build configuration list for PBXNativeTarget "PageViewControllerDemo" */ = {
			isa = XCConfigurationList;
			buildConfigurations = (
				E568C5481F1DA17100271B10 /* Debug */,
				E568C5491F1DA17100271B10 /* Release */,
			);
			defaultConfigurationIsVisible = 0;
		};
/* End XCConfigurationList section */
	};
	rootObject = E568C5281F1DA17100271B10 /* Project object */;
}
